
Microsoft Visual Studio Solution File, Format Version 12.00
# Visual Studio 15
VisualStudioVersion = 15.0.27130.2003
MinimumVisualStudioVersion = 10.0.40219.1
Project("{F184B08F-C81C-45F6-A57F-5ABD9991F28F}") = "BasicGreeting", "BasicGreeting\BasicGreeting.vbproj", "{D331BDB3-21BD-42CE-8353-18F86E3DECDB}"
EndProject
Global
	GlobalSection(SolutionConfigurationPlatforms) = preSolution
		Debug|Any CPU = Debug|Any CPU
		Release|Any CPU = Release|Any CPU
	EndGlobalSection
	GlobalSection(ProjectConfigurationPlatforms) = postSolution
		{D331BDB3-21BD-42CE-8353-18F86E3DECDB}.Debug|Any CPU.ActiveCfg = Debug|Any CPU
		{D331BDB3-21BD-42CE-8353-18F86E3DECDB}.Debug|Any CPU.Build.0 = Debug|Any CPU
		{D331BDB3-21BD-42CE-8353-18F86E3DECDB}.Release|Any CPU.ActiveCfg = Release|Any CPU
		{D331BDB3-21BD-42CE-8353-18F86E3DECDB}.Release|Any CPU.Build.0 = Release|Any CPU
	EndGlobalSection
	GlobalSection(SolutionProperties) = preSolution
		HideSolutionNode = FALSE
	EndGlobalSection
	GlobalSection(ExtensibilityGlobals) = postSolution
		SolutionGuid = {032E9C31-5B6B-4754-8115-D538982371E9}
	EndGlobalSection
EndGlobal
